
Microsoft Visual Studio Solution File, Format Version 12.00
# Visual Studio 2013
VisualStudioVersion = 12.0.30501.0
MinimumVisualStudioVersion = 10.0.40219.1
Project("{FAE04EC0-301F-11D3-BF4B-00C04F79EFBC}") = "BootcampDistributedSystems", "BootcampDistributedSystems\BootcampDistributedSystems.csproj", "{3FD315F6-D02A-4436-AFB6-D58C7877CA05}"
EndProject
Project("{FAE04EC0-301F-11D3-BF4B-00C04F79EFBC}") = "StockService", "StockService\StockService.csproj", "{88304605-0CC1-49CE-80F4-787CB67975B8}"
EndProject
Project("{FAE04EC0-301F-11D3-BF4B-00C04F79EFBC}") = "InvoiceService", "InvoiceService\InvoiceService.csproj", "{76F42F31-0E34-48BD-AF1D-8C62B81EE87C}"
EndProject
Project("{FAE04EC0-301F-11D3-BF4B-00C04F79EFBC}") = "MailService", "MailService\MailService.csproj", "{DFDEE931-6EC6-44CC-9A79-498E2BDAD556}"
EndProject
Project("{FAE04EC0-301F-11D3-BF4B-00C04F79EFBC}") = "Messages", "Messages\Messages.csproj", "{3BBAB29F-2F34-42B2-9015-B90B1DF61995}"
EndProject
Project("{2150E333-8FDC-42A3-9474-1A3956D46DE8}") = "Web", "Web", "{CC71E293-4D15-4FB1-83F3-435358E2BC08}"
EndProject
Project("{2150E333-8FDC-42A3-9474-1A3956D46DE8}") = "Contracts", "Contracts", "{943716FF-BD48-4F33-849B-A35E570423EC}"
EndProject
Project("{2150E333-8FDC-42A3-9474-1A3956D46DE8}") = "Services", "Services", "{9E7B224E-651E-4BC0-BE88-9E6DDE1DF16A}"
EndProject
Project("{FAE04EC0-301F-11D3-BF4B-00C04F79EFBC}") = "ProcessOrderEndpoint", "ProcessOrderEndpoint\ProcessOrderEndpoint.csproj", "{975D4DDC-9281-4C2B-AD0C-945B08E9284C}"
EndProject
Project("{2150E333-8FDC-42A3-9474-1A3956D46DE8}") = "Endpoints", "Endpoints", "{4E9B1394-A016-4565-89BD-409612F5AEB2}"
EndProject
Project("{FAE04EC0-301F-11D3-BF4B-00C04F79EFBC}") = "InvoicingEndpoint", "InvoicingEndpoint\InvoicingEndpoint.csproj", "{509AA7AA-D066-48DB-8F15-46BBA20BAF27}"
EndProject
Project("{FAE04EC0-301F-11D3-BF4B-00C04F79EFBC}") = "MailingEndpoint", "MailingEndpoint\MailingEndpoint.csproj", "{7E150D96-4168-4C78-A439-AE1D60394160}"
EndProject
Global
	GlobalSection(SolutionConfigurationPlatforms) = preSolution
		Debug|Any CPU = Debug|Any CPU
		Release|Any CPU = Release|Any CPU
	EndGlobalSection
	GlobalSection(ProjectConfigurationPlatforms) = postSolution
		{3FD315F6-D02A-4436-AFB6-D58C7877CA05}.Debug|Any CPU.ActiveCfg = Debug|Any CPU
		{3FD315F6-D02A-4436-AFB6-D58C7877CA05}.Debug|Any CPU.Build.0 = Debug|Any CPU
		{3FD315F6-D02A-4436-AFB6-D58C7877CA05}.Release|Any CPU.ActiveCfg = Release|Any CPU
		{3FD315F6-D02A-4436-AFB6-D58C7877CA05}.Release|Any CPU.Build.0 = Release|Any CPU
		{88304605-0CC1-49CE-80F4-787CB67975B8}.Debug|Any CPU.ActiveCfg = Debug|Any CPU
		{88304605-0CC1-49CE-80F4-787CB67975B8}.Debug|Any CPU.Build.0 = Debug|Any CPU
		{88304605-0CC1-49CE-80F4-787CB67975B8}.Release|Any CPU.ActiveCfg = Release|Any CPU
		{88304605-0CC1-49CE-80F4-787CB67975B8}.Release|Any CPU.Build.0 = Release|Any CPU
		{76F42F31-0E34-48BD-AF1D-8C62B81EE87C}.Debug|Any CPU.ActiveCfg = Debug|Any CPU
		{76F42F31-0E34-48BD-AF1D-8C62B81EE87C}.Debug|Any CPU.Build.0 = Debug|Any CPU
		{76F42F31-0E34-48BD-AF1D-8C62B81EE87C}.Release|Any CPU.ActiveCfg = Release|Any CPU
		{76F42F31-0E34-48BD-AF1D-8C62B81EE87C}.Release|Any CPU.Build.0 = Release|Any CPU
		{DFDEE931-6EC6-44CC-9A79-498E2BDAD556}.Debug|Any CPU.ActiveCfg = Debug|Any CPU
		{DFDEE931-6EC6-44CC-9A79-498E2BDAD556}.Debug|Any CPU.Build.0 = Debug|Any CPU
		{DFDEE931-6EC6-44CC-9A79-498E2BDAD556}.Release|Any CPU.ActiveCfg = Release|Any CPU
		{DFDEE931-6EC6-44CC-9A79-498E2BDAD556}.Release|Any CPU.Build.0 = Release|Any CPU
		{3BBAB29F-2F34-42B2-9015-B90B1DF61995}.Debug|Any CPU.ActiveCfg = Debug|Any CPU
		{3BBAB29F-2F34-42B2-9015-B90B1DF61995}.Debug|Any CPU.Build.0 = Debug|Any CPU
		{3BBAB29F-2F34-42B2-9015-B90B1DF61995}.Release|Any CPU.ActiveCfg = Release|Any CPU
		{3BBAB29F-2F34-42B2-9015-B90B1DF61995}.Release|Any CPU.Build.0 = Release|Any CPU
		{975D4DDC-9281-4C2B-AD0C-945B08E9284C}.Debug|Any CPU.ActiveCfg = Debug|Any CPU
		{975D4DDC-9281-4C2B-AD0C-945B08E9284C}.Debug|Any CPU.Build.0 = Debug|Any CPU
		{975D4DDC-9281-4C2B-AD0C-945B08E9284C}.Release|Any CPU.ActiveCfg = Release|Any CPU
		{975D4DDC-9281-4C2B-AD0C-945B08E9284C}.Release|Any CPU.Build.0 = Release|Any CPU
		{509AA7AA-D066-48DB-8F15-46BBA20BAF27}.Debug|Any CPU.ActiveCfg = Debug|Any CPU
		{509AA7AA-D066-48DB-8F15-46BBA20BAF27}.Debug|Any CPU.Build.0 = Debug|Any CPU
		{509AA7AA-D066-48DB-8F15-46BBA20BAF27}.Release|Any CPU.ActiveCfg = Release|Any CPU
		{509AA7AA-D066-48DB-8F15-46BBA20BAF27}.Release|Any CPU.Build.0 = Release|Any CPU
		{7E150D96-4168-4C78-A439-AE1D60394160}.Debug|Any CPU.ActiveCfg = Debug|Any CPU
		{7E150D96-4168-4C78-A439-AE1D60394160}.Debug|Any CPU.Build.0 = Debug|Any CPU
		{7E150D96-4168-4C78-A439-AE1D60394160}.Release|Any CPU.ActiveCfg = Release|Any CPU
		{7E150D96-4168-4C78-A439-AE1D60394160}.Release|Any CPU.Build.0 = Release|Any CPU
	EndGlobalSection
	GlobalSection(SolutionProperties) = preSolution
		HideSolutionNode = FALSE
	EndGlobalSection
	GlobalSection(NestedProjects) = preSolution
		{3FD315F6-D02A-4436-AFB6-D58C7877CA05} = {CC71E293-4D15-4FB1-83F3-435358E2BC08}
		{88304605-0CC1-49CE-80F4-787CB67975B8} = {9E7B224E-651E-4BC0-BE88-9E6DDE1DF16A}
		{76F42F31-0E34-48BD-AF1D-8C62B81EE87C} = {9E7B224E-651E-4BC0-BE88-9E6DDE1DF16A}
		{DFDEE931-6EC6-44CC-9A79-498E2BDAD556} = {9E7B224E-651E-4BC0-BE88-9E6DDE1DF16A}
		{3BBAB29F-2F34-42B2-9015-B90B1DF61995} = {943716FF-BD48-4F33-849B-A35E570423EC}
		{975D4DDC-9281-4C2B-AD0C-945B08E9284C} = {4E9B1394-A016-4565-89BD-409612F5AEB2}
		{509AA7AA-D066-48DB-8F15-46BBA20BAF27} = {4E9B1394-A016-4565-89BD-409612F5AEB2}
		{7E150D96-4168-4C78-A439-AE1D60394160} = {4E9B1394-A016-4565-89BD-409612F5AEB2}
	EndGlobalSection
EndGlobal
